
Microsoft Visual Studio Solution File, Format Version 12.00
# Visual Studio Version 16
VisualStudioVersion = 16.0.30011.22
MinimumVisualStudioVersion = 10.0.40219.1
Project("{FAE04EC0-301F-11D3-BF4B-00C04F79EFBC}") = "Api_docker", "Api_docker\Api_docker.csproj", "{C7D51FEF-C0EB-47F0-BB57-4B65E86C4376}"
EndProject
Global
	GlobalSection(SolutionConfigurationPlatforms) = preSolution
		Debug|Any CPU = Debug|Any CPU
		Release|Any CPU = Release|Any CPU
	EndGlobalSection
	GlobalSection(ProjectConfigurationPlatforms) = postSolution
		{C7D51FEF-C0EB-47F0-BB57-4B65E86C4376}.Debug|Any CPU.ActiveCfg = Debug|Any CPU
		{C7D51FEF-C0EB-47F0-BB57-4B65E86C4376}.Debug|Any CPU.Build.0 = Debug|Any CPU
		{C7D51FEF-C0EB-47F0-BB57-4B65E86C4376}.Release|Any CPU.ActiveCfg = Release|Any CPU
		{C7D51FEF-C0EB-47F0-BB57-4B65E86C4376}.Release|Any CPU.Build.0 = Release|Any CPU
	EndGlobalSection
	GlobalSection(SolutionProperties) = preSolution
		HideSolutionNode = FALSE
	EndGlobalSection
	GlobalSection(ExtensibilityGlobals) = postSolution
		SolutionGuid = {F9F164C5-61F0-49DA-9D3E-5DD5439E4330}
	EndGlobalSection
EndGlobal
